{
    "_readme": [
        "This file locks the dependencies of your project to a known state",
        "Read more about it at https://getcomposer.org/doc/01-basic-usage.md#installing-dependencies",
        "This file is @generated automatically"
    ],
    "content-hash": "9fa180b59b29ff6e171bdcb6240e0cbb",
    "packages": [
        {
            "name": "ultraleet/wp-requirements-checker",
            "version": "1.1.0",
            "source": {
                "type": "git",
                "url": "https://github.com/ultraleettech/wp-requirements-checker.git",
                "reference": "a43d09a937c6c7667acfc7d21804d288d7a6b1cc"
            },
            "dist": {
                "type": "zip",
                "url": "https://api.github.com/repos/ultraleettech/wp-requirements-checker/zipball/a43d09a937c6c7667acfc7d21804d288d7a6b1cc",
                "reference": "a43d09a937c6c7667acfc7d21804d288d7a6b1cc",
                "shasum": ""
            },
            "type": "library",
            "autoload": {
                "psr-4": {
                    "Ultraleet\\WP\\": "src/"
                }
            },
            "notification-url": "https://packagist.org/downloads/",
            "license": [
                "MIT"
            ],
            "authors": [
                {
                    "name": "Rene Aavik",
                    "email": "renx81@gmail.com"
                }
            ],
            "description": "Helper library for WordPress plugins to check for minimum PHP and WP versions.",
            "time": "2019-10-10T05:24:36+00:00"
        }
    ],
    "packages-dev": [],
    "aliases": [],
    "minimum-stability": "stable",
    "stability-flags": [],
    "prefer-stable": false,
    "prefer-lowest": false,
    "platform": [],
    "platform-dev": []
}
